
Microsoft Visual Studio Solution File, Format Version 12.00
# Visual Studio 15
VisualStudioVersion = 15.0.27428.2027
MinimumVisualStudioVersion = 10.0.40219.1
Project("{FAE04EC0-301F-11D3-BF4B-00C04F79EFBC}") = "Book", "Book\Book.csproj", "{590EA858-4E15-4DEA-B367-D7CCE98D74D7}"
EndProject
Global
	GlobalSection(SolutionConfigurationPlatforms) = preSolution
		Debug|Any CPU = Debug|Any CPU
		Release|Any CPU = Release|Any CPU
	EndGlobalSection
	GlobalSection(ProjectConfigurationPlatforms) = postSolution
		{590EA858-4E15-4DEA-B367-D7CCE98D74D7}.Debug|Any CPU.ActiveCfg = Debug|Any CPU
		{590EA858-4E15-4DEA-B367-D7CCE98D74D7}.Debug|Any CPU.Build.0 = Debug|Any CPU
		{590EA858-4E15-4DEA-B367-D7CCE98D74D7}.Release|Any CPU.ActiveCfg = Release|Any CPU
		{590EA858-4E15-4DEA-B367-D7CCE98D74D7}.Release|Any CPU.Build.0 = Release|Any CPU
	EndGlobalSection
	GlobalSection(SolutionProperties) = preSolution
		HideSolutionNode = FALSE
	EndGlobalSection
	GlobalSection(ExtensibilityGlobals) = postSolution
		SolutionGuid = {FAD932BA-67FB-43F6-81C8-21E2C91D1BFA}
	EndGlobalSection
EndGlobal
